<?xml version="1.0" encoding="utf-8"?>
<Project ToolsVersion="4.0" xmlns="http://schemas.microsoft.com/developer/msbuild/2003">
  <ItemGroup>
    <Filter Include="源文件">
      <UniqueIdentifier>{4FC737F1-C7A5-4376-A066-2A32D752A2FF}</UniqueIdentifier>
      <Extensions>cpp;c;cc;cxx;c++;cppm;ixx;def;odl;idl;hpj;bat;asm;asmx</Extensions>
    </Filter>
    <Filter Include="头文件">
      <UniqueIdentifier>{93995380-89BD-4b04-88EB-625FBE52EBFB}</UniqueIdentifier>
      <Extensions>h;hh;hpp;hxx;h++;hm;inl;inc;ipp;xsd</Extensions>
    </Filter>
    <Filter Include="资源文件">
      <UniqueIdentifier>{67DA6AB6-F800-4c08-8B7A-83BB121AAD01}</UniqueIdentifier>
      <Extensions>rc;ico;cur;bmp;dlg;rc2;rct;bin;rgs;gif;jpg;jpeg;jpe;resx;tiff;tif;png;wav;mfcribbon-ms</Extensions>
    </Filter>
  </ItemGroup>
  <ItemGroup>
    <ClCompile Include="28. 实现 strStr().cpp">
      <Filter>源文件</Filter>
    </ClCompile>
    <ClCompile Include="剑指 Offer 39. 数组中出现次数超过一半的数字.cpp">
      <Filter>源文件</Filter>
    </ClCompile>
    <ClCompile Include="剑指 Offer 22. 链表中倒数第k个节点.cpp">
      <Filter>源文件</Filter>
    </ClCompile>
    <ClCompile Include="91. 解码方法.cpp">
      <Filter>源文件</Filter>
    </ClCompile>
    <ClCompile Include="剑指 Offer 50. 第一个只出现一次的字符.cpp">
      <Filter>源文件</Filter>
    </ClCompile>
    <ClCompile Include="剑指 Offer 29. 顺时针打印矩阵.cpp">
      <Filter>源文件</Filter>
    </ClCompile>
    <ClCompile Include="剑指 Offer 21. 调整数组顺序使奇数位于偶数前面.cpp">
      <Filter>源文件</Filter>
    </ClCompile>
    <ClCompile Include="剑指 Offer 55 - I. 二叉树的深度.cpp">
      <Filter>源文件</Filter>
    </ClCompile>
    <ClCompile Include="剑指 Offer 16. 数值的整数次方.cpp">
      <Filter>源文件</Filter>
    </ClCompile>
    <ClCompile Include="剑指 Offer 32 - I. 从上到下打印二叉树.cpp">
      <Filter>源文件</Filter>
    </ClCompile>
    <ClCompile Include="剑指 Offer 32 - III. 从上到下打印二叉树 III.cpp">
      <Filter>源文件</Filter>
    </ClCompile>
    <ClCompile Include="剑指 Offer 33. 二叉搜索树的后序遍历序列.cpp">
      <Filter>源文件</Filter>
    </ClCompile>
    <ClCompile Include="剑指 Offer 57 - II. 和为s的连续正数序列.cpp">
      <Filter>源文件</Filter>
    </ClCompile>
    <ClCompile Include="368. 最大整除子集.cpp">
      <Filter>源文件</Filter>
    </ClCompile>
    <ClCompile Include="377. 组合总和 Ⅳ.cpp">
      <Filter>源文件</Filter>
    </ClCompile>
    <ClCompile Include="897. 递增顺序搜索树.cpp">
      <Filter>源文件</Filter>
    </ClCompile>
    <ClCompile Include="424. 替换后的最长重复字符.cpp">
      <Filter>源文件</Filter>
    </ClCompile>
    <ClCompile Include="633. 平方数之和.cpp">
      <Filter>源文件</Filter>
    </ClCompile>
    <ClCompile Include="剑指 Offer 57. 和为s的两个数字.cpp">
      <Filter>源文件</Filter>
    </ClCompile>
    <ClCompile Include="剑指 Offer 58 - II. 左旋转字符串.cpp">
      <Filter>源文件</Filter>
    </ClCompile>
    <ClCompile Include="剑指 Offer 61. 扑克牌中的顺子.cpp">
      <Filter>源文件</Filter>
    </ClCompile>
    <ClCompile Include="137. 只出现一次的数字 II.cpp">
      <Filter>源文件</Filter>
    </ClCompile>
    <ClCompile Include="剑指 Offer 58 - I. 翻转单词顺序.cpp">
      <Filter>源文件</Filter>
    </ClCompile>
    <ClCompile Include="剑指 Offer 55 - II. 平衡二叉树.cpp">
      <Filter>源文件</Filter>
    </ClCompile>
    <ClCompile Include="554. 砖墙.cpp">
      <Filter>源文件</Filter>
    </ClCompile>
    <ClCompile Include="7. 整数反转.cpp">
      <Filter>源文件</Filter>
    </ClCompile>
    <ClCompile Include="剑指 Offer 53 - I. 在排序数组中查找数字 I.cpp">
      <Filter>源文件</Filter>
    </ClCompile>
    <ClCompile Include="剑指 Offer 62. 圆圈中最后剩下的数字.cpp">
      <Filter>源文件</Filter>
    </ClCompile>
    <ClCompile Include="剑指 Offer 65. 不用加减乘除做加法.cpp">
      <Filter>源文件</Filter>
    </ClCompile>
    <ClCompile Include="剑指 Offer 30. 包含min函数的栈.cpp">
      <Filter>源文件</Filter>
    </ClCompile>
    <ClCompile Include="740. 删除并获得点数.cpp">
      <Filter>源文件</Filter>
    </ClCompile>
    <ClCompile Include="1720. 解码异或后的数组.cpp">
      <Filter>源文件</Filter>
    </ClCompile>
    <ClCompile Include="剑指 Offer 56 - I. 数组中数字出现的次数.cpp">
      <Filter>源文件</Filter>
    </ClCompile>
    <ClCompile Include="剑指 Offer 56 - II. 数组中数字出现的次数 II.cpp">
      <Filter>源文件</Filter>
    </ClCompile>
    <ClCompile Include="剑指 Offer 64. 求1+2+…+n.cpp">
      <Filter>源文件</Filter>
    </ClCompile>
    <ClCompile Include="剑指 Offer 49. 丑数.cpp">
      <Filter>源文件</Filter>
    </ClCompile>
    <ClCompile Include="1486. 数组异或操作.cpp">
      <Filter>源文件</Filter>
    </ClCompile>
    <ClCompile Include="剑指 Offer 60. n个骰子的点数.cpp">
      <Filter>源文件</Filter>
    </ClCompile>
    <ClCompile Include="剑指 Offer 52. 两个链表的第一个公共节点.cpp">
      <Filter>源文件</Filter>
    </ClCompile>
    <ClCompile Include="剑指 Offer 67. 把字符串转换成整数.cpp">
      <Filter>源文件</Filter>
    </ClCompile>
    <ClCompile Include="剑指 Offer 46. 把数字翻译成字符串.cpp">
      <Filter>源文件</Filter>
    </ClCompile>
    <ClCompile Include="剑指 Offer 45. 把数组排成最小的数.cpp">
      <Filter>源文件</Filter>
    </ClCompile>
    <ClCompile Include="剑指 Offer 38. 字符串的排列.cpp">
      <Filter>源文件</Filter>
    </ClCompile>
    <ClCompile Include="剑指 Offer 47. 礼物的最大价值.cpp">
      <Filter>源文件</Filter>
    </ClCompile>
    <ClCompile Include="872. 叶子相似的树.cpp">
      <Filter>源文件</Filter>
    </ClCompile>
  </ItemGroup>
</Project>